
Microsoft Visual Studio Solution File, Format Version 12.00
# Visual Studio Version 17
VisualStudioVersion = 17.4.33122.133
MinimumVisualStudioVersion = 10.0.40219.1
Project("{FAE04EC0-301F-11D3-BF4B-00C04F79EFBC}") = "Rainfall.Api", "Rainfall.Api\Rainfall.Api.csproj", "{E268C22C-55A6-42C5-B215-EBCF75ADA474}"
EndProject
Global
	GlobalSection(SolutionConfigurationPlatforms) = preSolution
		Debug|Any CPU = Debug|Any CPU
		Release|Any CPU = Release|Any CPU
	EndGlobalSection
	GlobalSection(ProjectConfigurationPlatforms) = postSolution
		{E268C22C-55A6-42C5-B215-EBCF75ADA474}.Debug|Any CPU.ActiveCfg = Debug|Any CPU
		{E268C22C-55A6-42C5-B215-EBCF75ADA474}.Debug|Any CPU.Build.0 = Debug|Any CPU
		{E268C22C-55A6-42C5-B215-EBCF75ADA474}.Release|Any CPU.ActiveCfg = Release|Any CPU
		{E268C22C-55A6-42C5-B215-EBCF75ADA474}.Release|Any CPU.Build.0 = Release|Any CPU
	EndGlobalSection
	GlobalSection(SolutionProperties) = preSolution
		HideSolutionNode = FALSE
	EndGlobalSection
	GlobalSection(ExtensibilityGlobals) = postSolution
		SolutionGuid = {1E3E4B6C-A0DA-418F-9BDF-370798E55F4F}
	EndGlobalSection
EndGlobal
